// !$*UTF8*$!
{
	archiveVersion = 1;
	classes = {
	};
	objectVersion = 56;
	objects = {

/* Begin PBXBuildFile section */
		B72F8B6629EAAFCD00798B73 /* WidgetKit.framework in Frameworks */ = {isa = PBXBuildFile; fileRef = B75A25CE29E6C39C0089DB2B /* WidgetKit.framework */; };
		B72F8B6729EAAFCD00798B73 /* SwiftUI.framework in Frameworks */ = {isa = PBXBuildFile; fileRef = B75A25D029E6C39C0089DB2B /* SwiftUI.framework */; };
		B72F8B6A29EAAFCD00798B73 /* WidgetProtocolWidgetBundle.swift in Sources */ = {isa = PBXBuildFile; fileRef = B72F8B6929EAAFCD00798B73 /* WidgetProtocolWidgetBundle.swift */; };
		B72F8B6C29EAAFCD00798B73 /* WidgetProtocolWidget.swift in Sources */ = {isa = PBXBuildFile; fileRef = B72F8B6B29EAAFCD00798B73 /* WidgetProtocolWidget.swift */; };
		B72F8B6F29EAAFCD00798B73 /* Assets.xcassets in Resources */ = {isa = PBXBuildFile; fileRef = B72F8B6E29EAAFCD00798B73 /* Assets.xcassets */; };
		B72F8B7129EAAFCD00798B73 /* WidgetProtocolWidget.intentdefinition in Sources */ = {isa = PBXBuildFile; fileRef = B72F8B6D29EAAFCD00798B73 /* WidgetProtocolWidget.intentdefinition */; };
		B72F8B7229EAAFCD00798B73 /* WidgetProtocolWidget.intentdefinition in Sources */ = {isa = PBXBuildFile; fileRef = B72F8B6D29EAAFCD00798B73 /* WidgetProtocolWidget.intentdefinition */; };
		B72F8B7529EAAFCD00798B73 /* WidgetProtocolWidgetExtension.appex in Embed Foundation Extensions */ = {isa = PBXBuildFile; fileRef = B72F8B6529EAAFCD00798B73 /* WidgetProtocolWidgetExtension.appex */; settings = {ATTRIBUTES = (RemoveHeadersOnCopy, ); }; };
		B72F8B7E29EAAFD800798B73 /* Intents.framework in Frameworks */ = {isa = PBXBuildFile; fileRef = B715DC0C29E9B58100531E39 /* Intents.framework */; };
		B72F8B8129EAAFD800798B73 /* IntentHandler.swift in Sources */ = {isa = PBXBuildFile; fileRef = B72F8B8029EAAFD800798B73 /* IntentHandler.swift */; };
		B72F8B8529EAAFD800798B73 /* WidgetProtocolIntent.appex in Embed Foundation Extensions */ = {isa = PBXBuildFile; fileRef = B72F8B7D29EAAFD800798B73 /* WidgetProtocolIntent.appex */; settings = {ATTRIBUTES = (RemoveHeadersOnCopy, ); }; };
		B72F8B8B29EAB1DC00798B73 /* WidgetProtocolWidget.intentdefinition in Sources */ = {isa = PBXBuildFile; fileRef = B72F8B6D29EAAFCD00798B73 /* WidgetProtocolWidget.intentdefinition */; };
		B72F8B8D29EAB31E00798B73 /* EmptyWidget in Frameworks */ = {isa = PBXBuildFile; productRef = B72F8B8C29EAB31E00798B73 /* EmptyWidget */; };
		B72F8B8F29EAB32300798B73 /* QuickNodeClient in Frameworks */ = {isa = PBXBuildFile; productRef = B72F8B8E29EAB32300798B73 /* QuickNodeClient */; };
		B75A25B829E3A2A20089DB2B /* WidgetProtocolApp.swift in Sources */ = {isa = PBXBuildFile; fileRef = B75A25B729E3A2A20089DB2B /* WidgetProtocolApp.swift */; };
		B75A25BC29E3A2A20089DB2B /* Assets.xcassets in Resources */ = {isa = PBXBuildFile; fileRef = B75A25BB29E3A2A20089DB2B /* Assets.xcassets */; };
		B75A25BF29E3A2A20089DB2B /* Preview Assets.xcassets in Resources */ = {isa = PBXBuildFile; fileRef = B75A25BE29E3A2A20089DB2B /* Preview Assets.xcassets */; };
		B75A25C829E3A2ED0089DB2B /* AppFeature in Frameworks */ = {isa = PBXBuildFile; productRef = B75A25C729E3A2ED0089DB2B /* AppFeature */; };
		B78CD22F29EB143E008B8775 /* BalanceWidgetView.swift in Sources */ = {isa = PBXBuildFile; fileRef = B78CD22A29EB031B008B8775 /* BalanceWidgetView.swift */; };
/* End PBXBuildFile section */

/* Begin PBXContainerItemProxy section */
		B72F8B7329EAAFCD00798B73 /* PBXContainerItemProxy */ = {
			isa = PBXContainerItemProxy;
			containerPortal = B75A25AC29E3A2A20089DB2B /* Project object */;
			proxyType = 1;
			remoteGlobalIDString = B72F8B6429EAAFCD00798B73;
			remoteInfo = WidgetProtocolWidgetExtension;
		};
		B72F8B8329EAAFD800798B73 /* PBXContainerItemProxy */ = {
			isa = PBXContainerItemProxy;
			containerPortal = B75A25AC29E3A2A20089DB2B /* Project object */;
			proxyType = 1;
			remoteGlobalIDString = B72F8B7C29EAAFD800798B73;
			remoteInfo = WidgetProtocolIntent;
		};
/* End PBXContainerItemProxy section */

/* Begin PBXCopyFilesBuildPhase section */
		B75A25E029E6C39D0089DB2B /* Embed Foundation Extensions */ = {
			isa = PBXCopyFilesBuildPhase;
			buildActionMask = 2147483647;
			dstPath = "";
			dstSubfolderSpec = 13;
			files = (
				B72F8B8529EAAFD800798B73 /* WidgetProtocolIntent.appex in Embed Foundation Extensions */,
				B72F8B7529EAAFCD00798B73 /* WidgetProtocolWidgetExtension.appex in Embed Foundation Extensions */,
			);
			name = "Embed Foundation Extensions";
			runOnlyForDeploymentPostprocessing = 0;
		};
/* End PBXCopyFilesBuildPhase section */

/* Begin PBXFileReference section */
		B715DC0529E96C9100531E39 /* WidgetProtocol.entitlements */ = {isa = PBXFileReference; lastKnownFileType = text.plist.entitlements; path = WidgetProtocol.entitlements; sourceTree = "<group>"; };
		B715DC0C29E9B58100531E39 /* Intents.framework */ = {isa = PBXFileReference; lastKnownFileType = wrapper.framework; name = Intents.framework; path = System/Library/Frameworks/Intents.framework; sourceTree = SDKROOT; };
		B715DC1729E9B58200531E39 /* IntentsUI.framework */ = {isa = PBXFileReference; lastKnownFileType = wrapper.framework; name = IntentsUI.framework; path = System/Library/Frameworks/IntentsUI.framework; sourceTree = SDKROOT; };
		B72F8B6529EAAFCD00798B73 /* WidgetProtocolWidgetExtension.appex */ = {isa = PBXFileReference; explicitFileType = "wrapper.app-extension"; includeInIndex = 0; path = WidgetProtocolWidgetExtension.appex; sourceTree = BUILT_PRODUCTS_DIR; };
		B72F8B6929EAAFCD00798B73 /* WidgetProtocolWidgetBundle.swift */ = {isa = PBXFileReference; lastKnownFileType = sourcecode.swift; path = WidgetProtocolWidgetBundle.swift; sourceTree = "<group>"; };
		B72F8B6B29EAAFCD00798B73 /* WidgetProtocolWidget.swift */ = {isa = PBXFileReference; lastKnownFileType = sourcecode.swift; path = WidgetProtocolWidget.swift; sourceTree = "<group>"; };
		B72F8B6D29EAAFCD00798B73 /* WidgetProtocolWidget.intentdefinition */ = {isa = PBXFileReference; lastKnownFileType = file.intentdefinition; path = WidgetProtocolWidget.intentdefinition; sourceTree = "<group>"; };
		B72F8B6E29EAAFCD00798B73 /* Assets.xcassets */ = {isa = PBXFileReference; lastKnownFileType = folder.assetcatalog; path = Assets.xcassets; sourceTree = "<group>"; };
		B72F8B7029EAAFCD00798B73 /* Info.plist */ = {isa = PBXFileReference; lastKnownFileType = text.plist.xml; path = Info.plist; sourceTree = "<group>"; };
		B72F8B7D29EAAFD800798B73 /* WidgetProtocolIntent.appex */ = {isa = PBXFileReference; explicitFileType = "wrapper.app-extension"; includeInIndex = 0; path = WidgetProtocolIntent.appex; sourceTree = BUILT_PRODUCTS_DIR; };
		B72F8B8029EAAFD800798B73 /* IntentHandler.swift */ = {isa = PBXFileReference; lastKnownFileType = sourcecode.swift; path = IntentHandler.swift; sourceTree = "<group>"; };
		B72F8B8229EAAFD800798B73 /* Info.plist */ = {isa = PBXFileReference; lastKnownFileType = text.plist.xml; path = Info.plist; sourceTree = "<group>"; };
		B72F8B9029EAB36400798B73 /* WidgetProtocolWidgetExtension.entitlements */ = {isa = PBXFileReference; lastKnownFileType = text.plist.entitlements; path = WidgetProtocolWidgetExtension.entitlements; sourceTree = "<group>"; };
		B72F8B9129EAB36B00798B73 /* WidgetProtocolIntent.entitlements */ = {isa = PBXFileReference; lastKnownFileType = text.plist.entitlements; path = WidgetProtocolIntent.entitlements; sourceTree = "<group>"; };
		B75A25B429E3A2A20089DB2B /* WidgetProtocol.app */ = {isa = PBXFileReference; explicitFileType = wrapper.application; includeInIndex = 0; path = WidgetProtocol.app; sourceTree = BUILT_PRODUCTS_DIR; };
		B75A25B729E3A2A20089DB2B /* WidgetProtocolApp.swift */ = {isa = PBXFileReference; lastKnownFileType = sourcecode.swift; path = WidgetProtocolApp.swift; sourceTree = "<group>"; };
		B75A25BB29E3A2A20089DB2B /* Assets.xcassets */ = {isa = PBXFileReference; lastKnownFileType = folder.assetcatalog; path = Assets.xcassets; sourceTree = "<group>"; };
		B75A25BE29E3A2A20089DB2B /* Preview Assets.xcassets */ = {isa = PBXFileReference; lastKnownFileType = folder.assetcatalog; path = "Preview Assets.xcassets"; sourceTree = "<group>"; };
		B75A25C529E3A2CB0089DB2B /* WidgetProtocol */ = {isa = PBXFileReference; lastKnownFileType = wrapper; name = WidgetProtocol; path = ..; sourceTree = "<group>"; };
		B75A25CE29E6C39C0089DB2B /* WidgetKit.framework */ = {isa = PBXFileReference; lastKnownFileType = wrapper.framework; name = WidgetKit.framework; path = System/Library/Frameworks/WidgetKit.framework; sourceTree = SDKROOT; };
		B75A25D029E6C39C0089DB2B /* SwiftUI.framework */ = {isa = PBXFileReference; lastKnownFileType = wrapper.framework; name = SwiftUI.framework; path = System/Library/Frameworks/SwiftUI.framework; sourceTree = SDKROOT; };
		B75A25E429E6C5D20089DB2B /* Info.plist */ = {isa = PBXFileReference; lastKnownFileType = text.plist; name = Info.plist; path = WidgetProtocol/Info.plist; sourceTree = "<group>"; };
		B78CD22A29EB031B008B8775 /* BalanceWidgetView.swift */ = {isa = PBXFileReference; lastKnownFileType = sourcecode.swift; path = BalanceWidgetView.swift; sourceTree = "<group>"; };
/* End PBXFileReference section */

/* Begin PBXFrameworksBuildPhase section */
		B72F8B6229EAAFCD00798B73 /* Frameworks */ = {
			isa = PBXFrameworksBuildPhase;
			buildActionMask = 2147483647;
			files = (
				B72F8B6729EAAFCD00798B73 /* SwiftUI.framework in Frameworks */,
				B72F8B8F29EAB32300798B73 /* QuickNodeClient in Frameworks */,
				B72F8B6629EAAFCD00798B73 /* WidgetKit.framework in Frameworks */,
				B72F8B8D29EAB31E00798B73 /* EmptyWidget in Frameworks */,
			);
			runOnlyForDeploymentPostprocessing = 0;
		};
		B72F8B7A29EAAFD800798B73 /* Frameworks */ = {
			isa = PBXFrameworksBuildPhase;
			buildActionMask = 2147483647;
			files = (
				B72F8B7E29EAAFD800798B73 /* Intents.framework in Frameworks */,
			);
			runOnlyForDeploymentPostprocessing = 0;
		};
		B75A25B129E3A2A20089DB2B /* Frameworks */ = {
			isa = PBXFrameworksBuildPhase;
			buildActionMask = 2147483647;
			files = (
				B75A25C829E3A2ED0089DB2B /* AppFeature in Frameworks */,
			);
			runOnlyForDeploymentPostprocessing = 0;
		};
/* End PBXFrameworksBuildPhase section */

/* Begin PBXGroup section */
		B72F8B6829EAAFCD00798B73 /* WidgetProtocolWidget */ = {
			isa = PBXGroup;
			children = (
				B78CD22929EB0312008B8775 /* Widgets */,
				B72F8B6929EAAFCD00798B73 /* WidgetProtocolWidgetBundle.swift */,
				B72F8B6B29EAAFCD00798B73 /* WidgetProtocolWidget.swift */,
				B72F8B6D29EAAFCD00798B73 /* WidgetProtocolWidget.intentdefinition */,
				B72F8B6E29EAAFCD00798B73 /* Assets.xcassets */,
				B72F8B7029EAAFCD00798B73 /* Info.plist */,
			);
			path = WidgetProtocolWidget;
			sourceTree = "<group>";
		};
		B72F8B7F29EAAFD800798B73 /* WidgetProtocolIntent */ = {
			isa = PBXGroup;
			children = (
				B72F8B9129EAB36B00798B73 /* WidgetProtocolIntent.entitlements */,
				B72F8B8029EAAFD800798B73 /* IntentHandler.swift */,
				B72F8B8229EAAFD800798B73 /* Info.plist */,
			);
			path = WidgetProtocolIntent;
			sourceTree = "<group>";
		};
		B75A25AB29E3A2A20089DB2B = {
			isa = PBXGroup;
			children = (
				B72F8B9029EAB36400798B73 /* WidgetProtocolWidgetExtension.entitlements */,
				B75A25E429E6C5D20089DB2B /* Info.plist */,
				B75A25C529E3A2CB0089DB2B /* WidgetProtocol */,
				B75A25B629E3A2A20089DB2B /* WidgetProtocol */,
				B72F8B6829EAAFCD00798B73 /* WidgetProtocolWidget */,
				B72F8B7F29EAAFD800798B73 /* WidgetProtocolIntent */,
				B75A25B529E3A2A20089DB2B /* Products */,
				B75A25C629E3A2ED0089DB2B /* Frameworks */,
			);
			sourceTree = "<group>";
		};
		B75A25B529E3A2A20089DB2B /* Products */ = {
			isa = PBXGroup;
			children = (
				B75A25B429E3A2A20089DB2B /* WidgetProtocol.app */,
				B72F8B6529EAAFCD00798B73 /* WidgetProtocolWidgetExtension.appex */,
				B72F8B7D29EAAFD800798B73 /* WidgetProtocolIntent.appex */,
			);
			name = Products;
			sourceTree = "<group>";
		};
		B75A25B629E3A2A20089DB2B /* WidgetProtocol */ = {
			isa = PBXGroup;
			children = (
				B715DC0529E96C9100531E39 /* WidgetProtocol.entitlements */,
				B75A25B729E3A2A20089DB2B /* WidgetProtocolApp.swift */,
				B75A25BB29E3A2A20089DB2B /* Assets.xcassets */,
				B75A25BD29E3A2A20089DB2B /* Preview Content */,
			);
			path = WidgetProtocol;
			sourceTree = "<group>";
		};
		B75A25BD29E3A2A20089DB2B /* Preview Content */ = {
			isa = PBXGroup;
			children = (
				B75A25BE29E3A2A20089DB2B /* Preview Assets.xcassets */,
			);
			path = "Preview Content";
			sourceTree = "<group>";
		};
		B75A25C629E3A2ED0089DB2B /* Frameworks */ = {
			isa = PBXGroup;
			children = (
				B75A25CE29E6C39C0089DB2B /* WidgetKit.framework */,
				B75A25D029E6C39C0089DB2B /* SwiftUI.framework */,
				B715DC0C29E9B58100531E39 /* Intents.framework */,
				B715DC1729E9B58200531E39 /* IntentsUI.framework */,
			);
			name = Frameworks;
			sourceTree = "<group>";
		};
		B78CD22929EB0312008B8775 /* Widgets */ = {
			isa = PBXGroup;
			children = (
				B78CD22A29EB031B008B8775 /* BalanceWidgetView.swift */,
			);
			path = Widgets;
			sourceTree = "<group>";
		};
/* End PBXGroup section */

/* Begin PBXNativeTarget section */
		B72F8B6429EAAFCD00798B73 /* WidgetProtocolWidgetExtension */ = {
			isa = PBXNativeTarget;
			buildConfigurationList = B72F8B7629EAAFCD00798B73 /* Build configuration list for PBXNativeTarget "WidgetProtocolWidgetExtension" */;
			buildPhases = (
				B72F8B6129EAAFCD00798B73 /* Sources */,
				B72F8B6229EAAFCD00798B73 /* Frameworks */,
				B72F8B6329EAAFCD00798B73 /* Resources */,
			);
			buildRules = (
			);
			dependencies = (
			);
			name = WidgetProtocolWidgetExtension;
			packageProductDependencies = (
				B72F8B8C29EAB31E00798B73 /* EmptyWidget */,
				B72F8B8E29EAB32300798B73 /* QuickNodeClient */,
			);
			productName = WidgetProtocolWidgetExtension;
			productReference = B72F8B6529EAAFCD00798B73 /* WidgetProtocolWidgetExtension.appex */;
			productType = "com.apple.product-type.app-extension";
		};
		B72F8B7C29EAAFD800798B73 /* WidgetProtocolIntent */ = {
			isa = PBXNativeTarget;
			buildConfigurationList = B72F8B8629EAAFD800798B73 /* Build configuration list for PBXNativeTarget "WidgetProtocolIntent" */;
			buildPhases = (
				B72F8B7929EAAFD800798B73 /* Sources */,
				B72F8B7A29EAAFD800798B73 /* Frameworks */,
				B72F8B7B29EAAFD800798B73 /* Resources */,
			);
			buildRules = (
			);
			dependencies = (
			);
			name = WidgetProtocolIntent;
			productName = WidgetProtocolIntent;
			productReference = B72F8B7D29EAAFD800798B73 /* WidgetProtocolIntent.appex */;
			productType = "com.apple.product-type.app-extension";
		};
		B75A25B329E3A2A20089DB2B /* WidgetProtocol */ = {
			isa = PBXNativeTarget;
			buildConfigurationList = B75A25C229E3A2A20089DB2B /* Build configuration list for PBXNativeTarget "WidgetProtocol" */;
			buildPhases = (
				B75A25B029E3A2A20089DB2B /* Sources */,
				B75A25B129E3A2A20089DB2B /* Frameworks */,
				B75A25B229E3A2A20089DB2B /* Resources */,
				B75A25E029E6C39D0089DB2B /* Embed Foundation Extensions */,
			);
			buildRules = (
			);
			dependencies = (
				B72F8B7429EAAFCD00798B73 /* PBXTargetDependency */,
				B72F8B8429EAAFD800798B73 /* PBXTargetDependency */,
			);
			name = WidgetProtocol;
			packageProductDependencies = (
				B75A25C729E3A2ED0089DB2B /* AppFeature */,
			);
			productName = WidgetProtocol;
			productReference = B75A25B429E3A2A20089DB2B /* WidgetProtocol.app */;
			productType = "com.apple.product-type.application";
		};
/* End PBXNativeTarget section */

/* Begin PBXProject section */
		B75A25AC29E3A2A20089DB2B /* Project object */ = {
			isa = PBXProject;
			attributes = {
				BuildIndependentTargetsInParallel = 1;
				LastSwiftUpdateCheck = 1430;
				LastUpgradeCheck = 1430;
				TargetAttributes = {
					B72F8B6429EAAFCD00798B73 = {
						CreatedOnToolsVersion = 14.3;
					};
					B72F8B7C29EAAFD800798B73 = {
						CreatedOnToolsVersion = 14.3;
					};
					B75A25B329E3A2A20089DB2B = {
						CreatedOnToolsVersion = 14.3;
					};
				};
			};
			buildConfigurationList = B75A25AF29E3A2A20089DB2B /* Build configuration list for PBXProject "WidgetProtocol" */;
			compatibilityVersion = "Xcode 14.0";
			developmentRegion = en;
			hasScannedForEncodings = 0;
			knownRegions = (
				en,
				Base,
			);
			mainGroup = B75A25AB29E3A2A20089DB2B;
			productRefGroup = B75A25B529E3A2A20089DB2B /* Products */;
			projectDirPath = "";
			projectRoot = "";
			targets = (
				B75A25B329E3A2A20089DB2B /* WidgetProtocol */,
				B72F8B6429EAAFCD00798B73 /* WidgetProtocolWidgetExtension */,
				B72F8B7C29EAAFD800798B73 /* WidgetProtocolIntent */,
			);
		};
/* End PBXProject section */

/* Begin PBXResourcesBuildPhase section */
		B72F8B6329EAAFCD00798B73 /* Resources */ = {
			isa = PBXResourcesBuildPhase;
			buildActionMask = 2147483647;
			files = (
				B72F8B6F29EAAFCD00798B73 /* Assets.xcassets in Resources */,
			);
			runOnlyForDeploymentPostprocessing = 0;
		};
		B72F8B7B29EAAFD800798B73 /* Resources */ = {
			isa = PBXResourcesBuildPhase;
			buildActionMask = 2147483647;
			files = (
			);
			runOnlyForDeploymentPostprocessing = 0;
		};
		B75A25B229E3A2A20089DB2B /* Resources */ = {
			isa = PBXResourcesBuildPhase;
			buildActionMask = 2147483647;
			files = (
				B75A25BF29E3A2A20089DB2B /* Preview Assets.xcassets in Resources */,
				B75A25BC29E3A2A20089DB2B /* Assets.xcassets in Resources */,
			);
			runOnlyForDeploymentPostprocessing = 0;
		};
/* End PBXResourcesBuildPhase section */

/* Begin PBXSourcesBuildPhase section */
		B72F8B6129EAAFCD00798B73 /* Sources */ = {
			isa = PBXSourcesBuildPhase;
			buildActionMask = 2147483647;
			files = (
				B78CD22F29EB143E008B8775 /* BalanceWidgetView.swift in Sources */,
				B72F8B6A29EAAFCD00798B73 /* WidgetProtocolWidgetBundle.swift in Sources */,
				B72F8B7129EAAFCD00798B73 /* WidgetProtocolWidget.intentdefinition in Sources */,
				B72F8B6C29EAAFCD00798B73 /* WidgetProtocolWidget.swift in Sources */,
			);
			runOnlyForDeploymentPostprocessing = 0;
		};
		B72F8B7929EAAFD800798B73 /* Sources */ = {
			isa = PBXSourcesBuildPhase;
			buildActionMask = 2147483647;
			files = (
				B72F8B8B29EAB1DC00798B73 /* WidgetProtocolWidget.intentdefinition in Sources */,
				B72F8B8129EAAFD800798B73 /* IntentHandler.swift in Sources */,
			);
			runOnlyForDeploymentPostprocessing = 0;
		};
		B75A25B029E3A2A20089DB2B /* Sources */ = {
			isa = PBXSourcesBuildPhase;
			buildActionMask = 2147483647;
			files = (
				B75A25B829E3A2A20089DB2B /* WidgetProtocolApp.swift in Sources */,
				B72F8B7229EAAFCD00798B73 /* WidgetProtocolWidget.intentdefinition in Sources */,
			);
			runOnlyForDeploymentPostprocessing = 0;
		};
/* End PBXSourcesBuildPhase section */

/* Begin PBXTargetDependency section */
		B72F8B7429EAAFCD00798B73 /* PBXTargetDependency */ = {
			isa = PBXTargetDependency;
			target = B72F8B6429EAAFCD00798B73 /* WidgetProtocolWidgetExtension */;
			targetProxy = B72F8B7329EAAFCD00798B73 /* PBXContainerItemProxy */;
		};
		B72F8B8429EAAFD800798B73 /* PBXTargetDependency */ = {
			isa = PBXTargetDependency;
			target = B72F8B7C29EAAFD800798B73 /* WidgetProtocolIntent */;
			targetProxy = B72F8B8329EAAFD800798B73 /* PBXContainerItemProxy */;
		};
/* End PBXTargetDependency section */

/* Begin XCBuildConfiguration section */
		B72F8B7729EAAFCD00798B73 /* Debug */ = {
			isa = XCBuildConfiguration;
			buildSettings = {
				ASSETCATALOG_COMPILER_GLOBAL_ACCENT_COLOR_NAME = AccentColor;
				ASSETCATALOG_COMPILER_WIDGET_BACKGROUND_COLOR_NAME = WidgetBackground;
				CODE_SIGN_ENTITLEMENTS = WidgetProtocolWidgetExtension.entitlements;
				CODE_SIGN_STYLE = Automatic;
				CURRENT_PROJECT_VERSION = 1;
				DEVELOPMENT_TEAM = AV9FQ3YF56;
				GENERATE_INFOPLIST_FILE = YES;
				INFOPLIST_FILE = WidgetProtocolWidget/Info.plist;
				INFOPLIST_KEY_CFBundleDisplayName = WidgetProtocolWidget;
				INFOPLIST_KEY_NSHumanReadableCopyright = "";
				IPHONEOS_DEPLOYMENT_TARGET = 16.0;
				LD_RUNPATH_SEARCH_PATHS = (
					"$(inherited)",
					"@executable_path/Frameworks",
					"@executable_path/../../Frameworks",
				);
				MARKETING_VERSION = 1.0;
				PRODUCT_BUNDLE_IDENTIFIER = com.caaaption.app.WidgetProtocol.WidgetProtocolWidget;
				PRODUCT_NAME = "$(TARGET_NAME)";
				SKIP_INSTALL = YES;
				SWIFT_EMIT_LOC_STRINGS = YES;
				SWIFT_VERSION = 5.0;
				TARGETED_DEVICE_FAMILY = "1,2";
			};
			name = Debug;
		};
		B72F8B7829EAAFCD00798B73 /* Release */ = {
			isa = XCBuildConfiguration;
			buildSettings = {
				ASSETCATALOG_COMPILER_GLOBAL_ACCENT_COLOR_NAME = AccentColor;
				ASSETCATALOG_COMPILER_WIDGET_BACKGROUND_COLOR_NAME = WidgetBackground;
				CODE_SIGN_ENTITLEMENTS = WidgetProtocolWidgetExtension.entitlements;
				CODE_SIGN_STYLE = Automatic;
				CURRENT_PROJECT_VERSION = 1;
				DEVELOPMENT_TEAM = AV9FQ3YF56;
				GENERATE_INFOPLIST_FILE = YES;
				INFOPLIST_FILE = WidgetProtocolWidget/Info.plist;
				INFOPLIST_KEY_CFBundleDisplayName = WidgetProtocolWidget;
				INFOPLIST_KEY_NSHumanReadableCopyright = "";
				IPHONEOS_DEPLOYMENT_TARGET = 16.0;
				LD_RUNPATH_SEARCH_PATHS = (
					"$(inherited)",
					"@executable_path/Frameworks",
					"@executable_path/../../Frameworks",
				);
				MARKETING_VERSION = 1.0;
				PRODUCT_BUNDLE_IDENTIFIER = com.caaaption.app.WidgetProtocol.WidgetProtocolWidget;
				PRODUCT_NAME = "$(TARGET_NAME)";
				SKIP_INSTALL = YES;
				SWIFT_EMIT_LOC_STRINGS = YES;
				SWIFT_VERSION = 5.0;
				TARGETED_DEVICE_FAMILY = "1,2";
			};
			name = Release;
		};
		B72F8B8729EAAFD800798B73 /* Debug */ = {
			isa = XCBuildConfiguration;
			buildSettings = {
				CODE_SIGN_ENTITLEMENTS = WidgetProtocolIntent/WidgetProtocolIntent.entitlements;
				CODE_SIGN_STYLE = Automatic;
				CURRENT_PROJECT_VERSION = 1;
				DEVELOPMENT_TEAM = AV9FQ3YF56;
				GENERATE_INFOPLIST_FILE = YES;
				INFOPLIST_FILE = WidgetProtocolIntent/Info.plist;
				INFOPLIST_KEY_CFBundleDisplayName = WidgetProtocolIntent;
				INFOPLIST_KEY_NSHumanReadableCopyright = "";
				IPHONEOS_DEPLOYMENT_TARGET = 16.0;
				LD_RUNPATH_SEARCH_PATHS = (
					"$(inherited)",
					"@executable_path/Frameworks",
					"@executable_path/../../Frameworks",
				);
				MARKETING_VERSION = 1.0;
				PRODUCT_BUNDLE_IDENTIFIER = com.caaaption.app.WidgetProtocol.WidgetProtocolIntent;
				PRODUCT_NAME = "$(TARGET_NAME)";
				SKIP_INSTALL = YES;
				SWIFT_EMIT_LOC_STRINGS = YES;
				SWIFT_VERSION = 5.0;
				TARGETED_DEVICE_FAMILY = "1,2";
			};
			name = Debug;
		};
		B72F8B8829EAAFD800798B73 /* Release */ = {
			isa = XCBuildConfiguration;
			buildSettings = {
				CODE_SIGN_ENTITLEMENTS = WidgetProtocolIntent/WidgetProtocolIntent.entitlements;
				CODE_SIGN_STYLE = Automatic;
				CURRENT_PROJECT_VERSION = 1;
				DEVELOPMENT_TEAM = AV9FQ3YF56;
				GENERATE_INFOPLIST_FILE = YES;
				INFOPLIST_FILE = WidgetProtocolIntent/Info.plist;
				INFOPLIST_KEY_CFBundleDisplayName = WidgetProtocolIntent;
				INFOPLIST_KEY_NSHumanReadableCopyright = "";
				IPHONEOS_DEPLOYMENT_TARGET = 16.0;
				LD_RUNPATH_SEARCH_PATHS = (
					"$(inherited)",
					"@executable_path/Frameworks",
					"@executable_path/../../Frameworks",
				);
				MARKETING_VERSION = 1.0;
				PRODUCT_BUNDLE_IDENTIFIER = com.caaaption.app.WidgetProtocol.WidgetProtocolIntent;
				PRODUCT_NAME = "$(TARGET_NAME)";
				SKIP_INSTALL = YES;
				SWIFT_EMIT_LOC_STRINGS = YES;
				SWIFT_VERSION = 5.0;
				TARGETED_DEVICE_FAMILY = "1,2";
			};
			name = Release;
		};
		B75A25C029E3A2A20089DB2B /* Debug */ = {
			isa = XCBuildConfiguration;
			buildSettings = {
				ALWAYS_SEARCH_USER_PATHS = NO;
				CLANG_ANALYZER_NONNULL = YES;
				CLANG_ANALYZER_NUMBER_OBJECT_CONVERSION = YES_AGGRESSIVE;
				CLANG_CXX_LANGUAGE_STANDARD = "gnu++20";
				CLANG_ENABLE_MODULES = YES;
				CLANG_ENABLE_OBJC_ARC = YES;
				CLANG_ENABLE_OBJC_WEAK = YES;
				CLANG_WARN_BLOCK_CAPTURE_AUTORELEASING = YES;
				CLANG_WARN_BOOL_CONVERSION = YES;
				CLANG_WARN_COMMA = YES;
				CLANG_WARN_CONSTANT_CONVERSION = YES;
				CLANG_WARN_DEPRECATED_OBJC_IMPLEMENTATIONS = YES;
				CLANG_WARN_DIRECT_OBJC_ISA_USAGE = YES_ERROR;
				CLANG_WARN_DOCUMENTATION_COMMENTS = YES;
				CLANG_WARN_EMPTY_BODY = YES;
				CLANG_WARN_ENUM_CONVERSION = YES;
				CLANG_WARN_INFINITE_RECURSION = YES;
				CLANG_WARN_INT_CONVERSION = YES;
				CLANG_WARN_NON_LITERAL_NULL_CONVERSION = YES;
				CLANG_WARN_OBJC_IMPLICIT_RETAIN_SELF = YES;
				CLANG_WARN_OBJC_LITERAL_CONVERSION = YES;
				CLANG_WARN_OBJC_ROOT_CLASS = YES_ERROR;
				CLANG_WARN_QUOTED_INCLUDE_IN_FRAMEWORK_HEADER = YES;
				CLANG_WARN_RANGE_LOOP_ANALYSIS = YES;
				CLANG_WARN_STRICT_PROTOTYPES = YES;
				CLANG_WARN_SUSPICIOUS_MOVE = YES;
				CLANG_WARN_UNGUARDED_AVAILABILITY = YES_AGGRESSIVE;
				CLANG_WARN_UNREACHABLE_CODE = YES;
				CLANG_WARN__DUPLICATE_METHOD_MATCH = YES;
				COPY_PHASE_STRIP = NO;
				DEBUG_INFORMATION_FORMAT = dwarf;
				ENABLE_STRICT_OBJC_MSGSEND = YES;
				ENABLE_TESTABILITY = YES;
				GCC_C_LANGUAGE_STANDARD = gnu11;
				GCC_DYNAMIC_NO_PIC = NO;
				GCC_NO_COMMON_BLOCKS = YES;
				GCC_OPTIMIZATION_LEVEL = 0;
				GCC_PREPROCESSOR_DEFINITIONS = (
					"DEBUG=1",
					"$(inherited)",
				);
				GCC_WARN_64_TO_32_BIT_CONVERSION = YES;
				GCC_WARN_ABOUT_RETURN_TYPE = YES_ERROR;
				GCC_WARN_UNDECLARED_SELECTOR = YES;
				GCC_WARN_UNINITIALIZED_AUTOS = YES_AGGRESSIVE;
				GCC_WARN_UNUSED_FUNCTION = YES;
				GCC_WARN_UNUSED_VARIABLE = YES;
				IPHONEOS_DEPLOYMENT_TARGET = 16.0;
				MTL_ENABLE_DEBUG_INFO = INCLUDE_SOURCE;
				MTL_FAST_MATH = YES;
				ONLY_ACTIVE_ARCH = YES;
				SDKROOT = iphoneos;
				SWIFT_ACTIVE_COMPILATION_CONDITIONS = DEBUG;
				SWIFT_OPTIMIZATION_LEVEL = "-Onone";
			};
			name = Debug;
		};
		B75A25C129E3A2A20089DB2B /* Release */ = {
			isa = XCBuildConfiguration;
			buildSettings = {
				ALWAYS_SEARCH_USER_PATHS = NO;
				CLANG_ANALYZER_NONNULL = YES;
				CLANG_ANALYZER_NUMBER_OBJECT_CONVERSION = YES_AGGRESSIVE;
				CLANG_CXX_LANGUAGE_STANDARD = "gnu++20";
				CLANG_ENABLE_MODULES = YES;
				CLANG_ENABLE_OBJC_ARC = YES;
				CLANG_ENABLE_OBJC_WEAK = YES;
				CLANG_WARN_BLOCK_CAPTURE_AUTORELEASING = YES;
				CLANG_WARN_BOOL_CONVERSION = YES;
				CLANG_WARN_COMMA = YES;
				CLANG_WARN_CONSTANT_CONVERSION = YES;
				CLANG_WARN_DEPRECATED_OBJC_IMPLEMENTATIONS = YES;
				CLANG_WARN_DIRECT_OBJC_ISA_USAGE = YES_ERROR;
				CLANG_WARN_DOCUMENTATION_COMMENTS = YES;
				CLANG_WARN_EMPTY_BODY = YES;
				CLANG_WARN_ENUM_CONVERSION = YES;
				CLANG_WARN_INFINITE_RECURSION = YES;
				CLANG_WARN_INT_CONVERSION = YES;
				CLANG_WARN_NON_LITERAL_NULL_CONVERSION = YES;
				CLANG_WARN_OBJC_IMPLICIT_RETAIN_SELF = YES;
				CLANG_WARN_OBJC_LITERAL_CONVERSION = YES;
				CLANG_WARN_OBJC_ROOT_CLASS = YES_ERROR;
				CLANG_WARN_QUOTED_INCLUDE_IN_FRAMEWORK_HEADER = YES;
				CLANG_WARN_RANGE_LOOP_ANALYSIS = YES;
				CLANG_WARN_STRICT_PROTOTYPES = YES;
				CLANG_WARN_SUSPICIOUS_MOVE = YES;
				CLANG_WARN_UNGUARDED_AVAILABILITY = YES_AGGRESSIVE;
				CLANG_WARN_UNREACHABLE_CODE = YES;
				CLANG_WARN__DUPLICATE_METHOD_MATCH = YES;
				COPY_PHASE_STRIP = NO;
				DEBUG_INFORMATION_FORMAT = "dwarf-with-dsym";
				ENABLE_NS_ASSERTIONS = NO;
				ENABLE_STRICT_OBJC_MSGSEND = YES;
				GCC_C_LANGUAGE_STANDARD = gnu11;
				GCC_NO_COMMON_BLOCKS = YES;
				GCC_WARN_64_TO_32_BIT_CONVERSION = YES;
				GCC_WARN_ABOUT_RETURN_TYPE = YES_ERROR;
				GCC_WARN_UNDECLARED_SELECTOR = YES;
				GCC_WARN_UNINITIALIZED_AUTOS = YES_AGGRESSIVE;
				GCC_WARN_UNUSED_FUNCTION = YES;
				GCC_WARN_UNUSED_VARIABLE = YES;
				IPHONEOS_DEPLOYMENT_TARGET = 16.0;
				MTL_ENABLE_DEBUG_INFO = NO;
				MTL_FAST_MATH = YES;
				SDKROOT = iphoneos;
				SWIFT_COMPILATION_MODE = wholemodule;
				SWIFT_OPTIMIZATION_LEVEL = "-O";
				VALIDATE_PRODUCT = YES;
			};
			name = Release;
		};
		B75A25C329E3A2A20089DB2B /* Debug */ = {
			isa = XCBuildConfiguration;
			buildSettings = {
				ALWAYS_EMBED_SWIFT_STANDARD_LIBRARIES = YES;
				ASSETCATALOG_COMPILER_APPICON_NAME = AppIcon;
				ASSETCATALOG_COMPILER_GLOBAL_ACCENT_COLOR_NAME = AccentColor;
				CODE_SIGN_ENTITLEMENTS = WidgetProtocol/WidgetProtocol.entitlements;
				CODE_SIGN_STYLE = Automatic;
				CURRENT_PROJECT_VERSION = 1;
				DEVELOPMENT_ASSET_PATHS = "\"WidgetProtocol/Preview Content\"";
				DEVELOPMENT_TEAM = AV9FQ3YF56;
				ENABLE_PREVIEWS = YES;
				GENERATE_INFOPLIST_FILE = YES;
				INFOPLIST_FILE = WidgetProtocol/Info.plist;
				INFOPLIST_KEY_LSApplicationCategoryType = "public.app-category.utilities";
				INFOPLIST_KEY_UIApplicationSceneManifest_Generation = YES;
				INFOPLIST_KEY_UIApplicationSupportsIndirectInputEvents = YES;
				INFOPLIST_KEY_UILaunchScreen_Generation = YES;
				INFOPLIST_KEY_UISupportedInterfaceOrientations = "UIInterfaceOrientationPortrait UIInterfaceOrientationPortraitUpsideDown";
				INFOPLIST_KEY_UISupportedInterfaceOrientations_iPad = "UIInterfaceOrientationLandscapeLeft UIInterfaceOrientationLandscapeRight UIInterfaceOrientationPortrait UIInterfaceOrientationPortraitUpsideDown";
				IPHONEOS_DEPLOYMENT_TARGET = 16.0;
				LD_RUNPATH_SEARCH_PATHS = (
					"$(inherited)",
					"@executable_path/Frameworks",
				);
				MARKETING_VERSION = 1.0;
				PRODUCT_BUNDLE_IDENTIFIER = com.caaaption.app.WidgetProtocol;
				PRODUCT_NAME = "$(TARGET_NAME)";
				SWIFT_EMIT_LOC_STRINGS = YES;
				SWIFT_VERSION = 5.0;
				TARGETED_DEVICE_FAMILY = "1,2";
			};
			name = Debug;
		};
		B75A25C429E3A2A20089DB2B /* Release */ = {
			isa = XCBuildConfiguration;
			buildSettings = {
				ALWAYS_EMBED_SWIFT_STANDARD_LIBRARIES = YES;
				ASSETCATALOG_COMPILER_APPICON_NAME = AppIcon;
				ASSETCATALOG_COMPILER_GLOBAL_ACCENT_COLOR_NAME = AccentColor;
				CODE_SIGN_ENTITLEMENTS = WidgetProtocol/WidgetProtocol.entitlements;
				CODE_SIGN_STYLE = Automatic;
				CURRENT_PROJECT_VERSION = 1;
				DEVELOPMENT_ASSET_PATHS = "\"WidgetProtocol/Preview Content\"";
				DEVELOPMENT_TEAM = AV9FQ3YF56;
				ENABLE_PREVIEWS = YES;
				GENERATE_INFOPLIST_FILE = YES;
				INFOPLIST_FILE = WidgetProtocol/Info.plist;
				INFOPLIST_KEY_LSApplicationCategoryType = "public.app-category.utilities";
				INFOPLIST_KEY_UIApplicationSceneManifest_Generation = YES;
				INFOPLIST_KEY_UIApplicationSupportsIndirectInputEvents = YES;
				INFOPLIST_KEY_UILaunchScreen_Generation = YES;
				INFOPLIST_KEY_UISupportedInterfaceOrientations = "UIInterfaceOrientationPortrait UIInterfaceOrientationPortraitUpsideDown";
				INFOPLIST_KEY_UISupportedInterfaceOrientations_iPad = "UIInterfaceOrientationLandscapeLeft UIInterfaceOrientationLandscapeRight UIInterfaceOrientationPortrait UIInterfaceOrientationPortraitUpsideDown";
				IPHONEOS_DEPLOYMENT_TARGET = 16.0;
				LD_RUNPATH_SEARCH_PATHS = (
					"$(inherited)",
					"@executable_path/Frameworks",
				);
				MARKETING_VERSION = 1.0;
				PRODUCT_BUNDLE_IDENTIFIER = com.caaaption.app.WidgetProtocol;
				PRODUCT_NAME = "$(TARGET_NAME)";
				SWIFT_EMIT_LOC_STRINGS = YES;
				SWIFT_VERSION = 5.0;
				TARGETED_DEVICE_FAMILY = "1,2";
			};
			name = Release;
		};
/* End XCBuildConfiguration section */

/* Begin XCConfigurationList section */
		B72F8B7629EAAFCD00798B73 /* Build configuration list for PBXNativeTarget "WidgetProtocolWidgetExtension" */ = {
			isa = XCConfigurationList;
			buildConfigurations = (
				B72F8B7729EAAFCD00798B73 /* Debug */,
				B72F8B7829EAAFCD00798B73 /* Release */,
			);
			defaultConfigurationIsVisible = 0;
			defaultConfigurationName = Release;
		};
		B72F8B8629EAAFD800798B73 /* Build configuration list for PBXNativeTarget "WidgetProtocolIntent" */ = {
			isa = XCConfigurationList;
			buildConfigurations = (
				B72F8B8729EAAFD800798B73 /* Debug */,
				B72F8B8829EAAFD800798B73 /* Release */,
			);
			defaultConfigurationIsVisible = 0;
			defaultConfigurationName = Release;
		};
		B75A25AF29E3A2A20089DB2B /* Build configuration list for PBXProject "WidgetProtocol" */ = {
			isa = XCConfigurationList;
			buildConfigurations = (
				B75A25C029E3A2A20089DB2B /* Debug */,
				B75A25C129E3A2A20089DB2B /* Release */,
			);
			defaultConfigurationIsVisible = 0;
			defaultConfigurationName = Release;
		};
		B75A25C229E3A2A20089DB2B /* Build configuration list for PBXNativeTarget "WidgetProtocol" */ = {
			isa = XCConfigurationList;
			buildConfigurations = (
				B75A25C329E3A2A20089DB2B /* Debug */,
				B75A25C429E3A2A20089DB2B /* Release */,
			);
			defaultConfigurationIsVisible = 0;
			defaultConfigurationName = Release;
		};
/* End XCConfigurationList section */

/* Begin XCSwiftPackageProductDependency section */
		B72F8B8C29EAB31E00798B73 /* EmptyWidget */ = {
			isa = XCSwiftPackageProductDependency;
			productName = EmptyWidget;
		};
		B72F8B8E29EAB32300798B73 /* QuickNodeClient */ = {
			isa = XCSwiftPackageProductDependency;
			productName = QuickNodeClient;
		};
		B75A25C729E3A2ED0089DB2B /* AppFeature */ = {
			isa = XCSwiftPackageProductDependency;
			productName = AppFeature;
		};
/* End XCSwiftPackageProductDependency section */
	};
	rootObject = B75A25AC29E3A2A20089DB2B /* Project object */;
}
